
Microsoft Visual Studio Solution File, Format Version 12.00
# Visual Studio 15
VisualStudioVersion = 15.0.28307.168
MinimumVisualStudioVersion = 10.0.40219.1
Project("{FAE04EC0-301F-11D3-BF4B-00C04F79EFBC}") = "SolidPrinicipals", "SolidPrinicipals\SolidPrinicipals.csproj", "{114EACA4-0449-472B-84D1-9FDD4B495494}"
EndProject
Global
	GlobalSection(SolutionConfigurationPlatforms) = preSolution
		Debug|Any CPU = Debug|Any CPU
		Release|Any CPU = Release|Any CPU
	EndGlobalSection
	GlobalSection(ProjectConfigurationPlatforms) = postSolution
		{114EACA4-0449-472B-84D1-9FDD4B495494}.Debug|Any CPU.ActiveCfg = Debug|Any CPU
		{114EACA4-0449-472B-84D1-9FDD4B495494}.Debug|Any CPU.Build.0 = Debug|Any CPU
		{114EACA4-0449-472B-84D1-9FDD4B495494}.Release|Any CPU.ActiveCfg = Release|Any CPU
		{114EACA4-0449-472B-84D1-9FDD4B495494}.Release|Any CPU.Build.0 = Release|Any CPU
	EndGlobalSection
	GlobalSection(SolutionProperties) = preSolution
		HideSolutionNode = FALSE
	EndGlobalSection
	GlobalSection(ExtensibilityGlobals) = postSolution
		SolutionGuid = {0833F444-A05C-4D03-ADB6-8CE1B0A348BC}
	EndGlobalSection
EndGlobal
